
Microsoft Visual Studio Solution File, Format Version 12.00
# Visual Studio Version 16
VisualStudioVersion = 16.0.31515.178
MinimumVisualStudioVersion = 10.0.40219.1
Project("{FAE04EC0-301F-11D3-BF4B-00C04F79EFBC}") = "HomeWork15_11.09.2021", "HomeWork15_11.09.2021\HomeWork15_11.09.2021.csproj", "{D8708ADC-5960-4D2F-B46A-F2F7EA4B7441}"
EndProject
Global
	GlobalSection(SolutionConfigurationPlatforms) = preSolution
		Debug|Any CPU = Debug|Any CPU
		Release|Any CPU = Release|Any CPU
	EndGlobalSection
	GlobalSection(ProjectConfigurationPlatforms) = postSolution
		{D8708ADC-5960-4D2F-B46A-F2F7EA4B7441}.Debug|Any CPU.ActiveCfg = Debug|Any CPU
		{D8708ADC-5960-4D2F-B46A-F2F7EA4B7441}.Debug|Any CPU.Build.0 = Debug|Any CPU
		{D8708ADC-5960-4D2F-B46A-F2F7EA4B7441}.Release|Any CPU.ActiveCfg = Release|Any CPU
		{D8708ADC-5960-4D2F-B46A-F2F7EA4B7441}.Release|Any CPU.Build.0 = Release|Any CPU
	EndGlobalSection
	GlobalSection(SolutionProperties) = preSolution
		HideSolutionNode = FALSE
	EndGlobalSection
	GlobalSection(ExtensibilityGlobals) = postSolution
		SolutionGuid = {6D10C9ED-BBFC-4EA8-B474-76114AF51813}
	EndGlobalSection
EndGlobal
